
Microsoft Visual Studio Solution File, Format Version 11.00
# Visual Studio 2010
Project("{FAE04EC0-301F-11D3-BF4B-00C04F79EFBC}") = "exam", "exam\exam.csproj", "{B875B927-1F16-4F2C-9C79-EE8E6CB75C1F}"
EndProject
Global
	GlobalSection(SolutionConfigurationPlatforms) = preSolution
		Debug|x86 = Debug|x86
		Release|x86 = Release|x86
	EndGlobalSection
	GlobalSection(ProjectConfigurationPlatforms) = postSolution
		{B875B927-1F16-4F2C-9C79-EE8E6CB75C1F}.Debug|x86.ActiveCfg = Debug|x86
		{B875B927-1F16-4F2C-9C79-EE8E6CB75C1F}.Debug|x86.Build.0 = Debug|x86
		{B875B927-1F16-4F2C-9C79-EE8E6CB75C1F}.Release|x86.ActiveCfg = Release|x86
		{B875B927-1F16-4F2C-9C79-EE8E6CB75C1F}.Release|x86.Build.0 = Release|x86
	EndGlobalSection
	GlobalSection(SolutionProperties) = preSolution
		HideSolutionNode = FALSE
	EndGlobalSection
EndGlobal
